// !$*UTF8*$!
{
	archiveVersion = 1;
	classes = {
	};
	objectVersion = 55;
	objects = {

/* Begin PBXBuildFile section */
		4D33A386FC1F1C4C2FCB38A7 /* Pods_iosApp.framework in Frameworks */ = {isa = PBXBuildFile; fileRef = 7946546C010E498FA518021C /* Pods_iosApp.framework */; };
		5F089364284740720006D02F /* CustomBorderedButton.swift in Sources */ = {isa = PBXBuildFile; fileRef = 5F089363284740720006D02F /* CustomBorderedButton.swift */; };
		5F089367284742B80006D02F /* LocalNoteView.swift in Sources */ = {isa = PBXBuildFile; fileRef = 5F089366284742B80006D02F /* LocalNoteView.swift */; };
		5F0EC23C283CF73F003B6CBB /* SignInView.swift in Sources */ = {isa = PBXBuildFile; fileRef = 5F0EC23B283CF73F003B6CBB /* SignInView.swift */; };
		5F308342284640C900712FFE /* BallsRow.swift in Sources */ = {isa = PBXBuildFile; fileRef = 5F308341284640C900712FFE /* BallsRow.swift */; };
		5F31CE3B2840AABE003720DB /* GoogleService-Info.plist in Resources */ = {isa = PBXBuildFile; fileRef = 5F31CE3A2840AABE003720DB /* GoogleService-Info.plist */; };
		5F31CE402840B357003720DB /* FirebaseDynamicLinks in Frameworks */ = {isa = PBXBuildFile; productRef = 5F31CE3F2840B357003720DB /* FirebaseDynamicLinks */; };
		5F31CE422840BD2A003720DB /* SceneDelegate.swift in Sources */ = {isa = PBXBuildFile; fileRef = 5F31CE412840BD2A003720DB /* SceneDelegate.swift */; };
		5F31CE442840EA20003720DB /* Utils.swift in Sources */ = {isa = PBXBuildFile; fileRef = 5F31CE432840EA20003720DB /* Utils.swift */; };
		5F3E7F322837BC9700AB37CF /* Assets.xcassets in Resources */ = {isa = PBXBuildFile; fileRef = 5F3E7F312837BC9700AB37CF /* Assets.xcassets */; };
		5F3E7F352837BC9700AB37CF /* Preview Assets.xcassets in Resources */ = {isa = PBXBuildFile; fileRef = 5F3E7F342837BC9700AB37CF /* Preview Assets.xcassets */; };
		5F3E7F3F2837BC9700AB37CF /* iosAppTests.swift in Sources */ = {isa = PBXBuildFile; fileRef = 5F3E7F3E2837BC9700AB37CF /* iosAppTests.swift */; };
		5F3E7F492837BC9700AB37CF /* iosAppUITests.swift in Sources */ = {isa = PBXBuildFile; fileRef = 5F3E7F482837BC9700AB37CF /* iosAppUITests.swift */; };
		5F3E7F4B2837BC9700AB37CF /* iosAppUITestsLaunchTests.swift in Sources */ = {isa = PBXBuildFile; fileRef = 5F3E7F4A2837BC9700AB37CF /* iosAppUITestsLaunchTests.swift */; };
		5F5E7F75283B6DDE00E14B4D /* FirebaseAuth in Frameworks */ = {isa = PBXBuildFile; productRef = 5F5E7F74283B6DDE00E14B4D /* FirebaseAuth */; };
		5F5E7F77283B6DDE00E14B4D /* FirebaseFirestore in Frameworks */ = {isa = PBXBuildFile; productRef = 5F5E7F76283B6DDE00E14B4D /* FirebaseFirestore */; };
		5F5E7F7B283B6EE900E14B4D /* AppDelegate.swift in Sources */ = {isa = PBXBuildFile; fileRef = 5F5E7F7A283B6EE900E14B4D /* AppDelegate.swift */; };
		5F726149283E0FE90062BA9A /* Extensions.swift in Sources */ = {isa = PBXBuildFile; fileRef = 5F726148283E0FE90062BA9A /* Extensions.swift */; };
		5F72614B283E16AA0062BA9A /* ProfileView.swift in Sources */ = {isa = PBXBuildFile; fileRef = 5F72614A283E16AA0062BA9A /* ProfileView.swift */; };
		5F72614D283E174C0062BA9A /* Constants.swift in Sources */ = {isa = PBXBuildFile; fileRef = 5F72614C283E174C0062BA9A /* Constants.swift */; };
		5FFE5E952844DB6E001B2E8A /* NotesView.swift in Sources */ = {isa = PBXBuildFile; fileRef = 5FFE5E942844DB6E001B2E8A /* NotesView.swift */; };
		5FFE5E972844DBAE001B2E8A /* MainView.swift in Sources */ = {isa = PBXBuildFile; fileRef = 5FFE5E962844DBAE001B2E8A /* MainView.swift */; };
		5FFE5E9C2844DEA6001B2E8A /* NotePreview.swift in Sources */ = {isa = PBXBuildFile; fileRef = 5FFE5E9B2844DEA6001B2E8A /* NotePreview.swift */; };
		5FFE5EA02844EB2D001B2E8A /* NoteColor.swift in Sources */ = {isa = PBXBuildFile; fileRef = 5FFE5E9F2844EB2D001B2E8A /* NoteColor.swift */; };
		5FFE5EA22845070A001B2E8A /* AddNewNoteView.swift in Sources */ = {isa = PBXBuildFile; fileRef = 5FFE5EA12845070A001B2E8A /* AddNewNoteView.swift */; };
/* End PBXBuildFile section */

/* Begin PBXContainerItemProxy section */
		5F3E7F3B2837BC9700AB37CF /* PBXContainerItemProxy */ = {
			isa = PBXContainerItemProxy;
			containerPortal = 5F3E7F222837BC9600AB37CF /* Project object */;
			proxyType = 1;
			remoteGlobalIDString = 5F3E7F292837BC9600AB37CF;
			remoteInfo = iosApp;
		};
		5F3E7F452837BC9700AB37CF /* PBXContainerItemProxy */ = {
			isa = PBXContainerItemProxy;
			containerPortal = 5F3E7F222837BC9600AB37CF /* Project object */;
			proxyType = 1;
			remoteGlobalIDString = 5F3E7F292837BC9600AB37CF;
			remoteInfo = iosApp;
		};
/* End PBXContainerItemProxy section */

/* Begin PBXFileReference section */
		519026662C6955BA25ADE4A1 /* Pods-iosApp.debug.xcconfig */ = {isa = PBXFileReference; includeInIndex = 1; lastKnownFileType = text.xcconfig; name = "Pods-iosApp.debug.xcconfig"; path = "Target Support Files/Pods-iosApp/Pods-iosApp.debug.xcconfig"; sourceTree = "<group>"; };
		5F089363284740720006D02F /* CustomBorderedButton.swift */ = {isa = PBXFileReference; lastKnownFileType = sourcecode.swift; path = CustomBorderedButton.swift; sourceTree = "<group>"; };
		5F089366284742B80006D02F /* LocalNoteView.swift */ = {isa = PBXFileReference; lastKnownFileType = sourcecode.swift; path = LocalNoteView.swift; sourceTree = "<group>"; };
		5F0EC23B283CF73F003B6CBB /* SignInView.swift */ = {isa = PBXFileReference; lastKnownFileType = sourcecode.swift; path = SignInView.swift; sourceTree = "<group>"; };
		5F308341284640C900712FFE /* BallsRow.swift */ = {isa = PBXFileReference; lastKnownFileType = sourcecode.swift; path = BallsRow.swift; sourceTree = "<group>"; };
		5F31CE3A2840AABE003720DB /* GoogleService-Info.plist */ = {isa = PBXFileReference; fileEncoding = 4; lastKnownFileType = text.plist.xml; path = "GoogleService-Info.plist"; sourceTree = "<group>"; };
		5F31CE3C2840AB8C003720DB /* Info.plist */ = {isa = PBXFileReference; lastKnownFileType = text.plist.xml; path = Info.plist; sourceTree = "<group>"; };
		5F31CE3D2840AC53003720DB /* iosApp.entitlements */ = {isa = PBXFileReference; lastKnownFileType = text.plist.entitlements; path = iosApp.entitlements; sourceTree = "<group>"; };
		5F31CE412840BD2A003720DB /* SceneDelegate.swift */ = {isa = PBXFileReference; lastKnownFileType = sourcecode.swift; path = SceneDelegate.swift; sourceTree = "<group>"; };
		5F31CE432840EA20003720DB /* Utils.swift */ = {isa = PBXFileReference; lastKnownFileType = sourcecode.swift; path = Utils.swift; sourceTree = "<group>"; };
		5F3E7F2A2837BC9600AB37CF /* DevNotary.app */ = {isa = PBXFileReference; explicitFileType = wrapper.application; includeInIndex = 0; path = DevNotary.app; sourceTree = BUILT_PRODUCTS_DIR; };
		5F3E7F312837BC9700AB37CF /* Assets.xcassets */ = {isa = PBXFileReference; lastKnownFileType = folder.assetcatalog; path = Assets.xcassets; sourceTree = "<group>"; };
		5F3E7F342837BC9700AB37CF /* Preview Assets.xcassets */ = {isa = PBXFileReference; lastKnownFileType = folder.assetcatalog; path = "Preview Assets.xcassets"; sourceTree = "<group>"; };
		5F3E7F3A2837BC9700AB37CF /* iosAppTests.xctest */ = {isa = PBXFileReference; explicitFileType = wrapper.cfbundle; includeInIndex = 0; path = iosAppTests.xctest; sourceTree = BUILT_PRODUCTS_DIR; };
		5F3E7F3E2837BC9700AB37CF /* iosAppTests.swift */ = {isa = PBXFileReference; lastKnownFileType = sourcecode.swift; path = iosAppTests.swift; sourceTree = "<group>"; };
		5F3E7F442837BC9700AB37CF /* iosAppUITests.xctest */ = {isa = PBXFileReference; explicitFileType = wrapper.cfbundle; includeInIndex = 0; path = iosAppUITests.xctest; sourceTree = BUILT_PRODUCTS_DIR; };
		5F3E7F482837BC9700AB37CF /* iosAppUITests.swift */ = {isa = PBXFileReference; lastKnownFileType = sourcecode.swift; path = iosAppUITests.swift; sourceTree = "<group>"; };
		5F3E7F4A2837BC9700AB37CF /* iosAppUITestsLaunchTests.swift */ = {isa = PBXFileReference; lastKnownFileType = sourcecode.swift; path = iosAppUITestsLaunchTests.swift; sourceTree = "<group>"; };
		5F5E7F7A283B6EE900E14B4D /* AppDelegate.swift */ = {isa = PBXFileReference; lastKnownFileType = sourcecode.swift; path = AppDelegate.swift; sourceTree = "<group>"; };
		5F726148283E0FE90062BA9A /* Extensions.swift */ = {isa = PBXFileReference; lastKnownFileType = sourcecode.swift; path = Extensions.swift; sourceTree = "<group>"; };
		5F72614A283E16AA0062BA9A /* ProfileView.swift */ = {isa = PBXFileReference; lastKnownFileType = sourcecode.swift; path = ProfileView.swift; sourceTree = "<group>"; };
		5F72614C283E174C0062BA9A /* Constants.swift */ = {isa = PBXFileReference; lastKnownFileType = sourcecode.swift; path = Constants.swift; sourceTree = "<group>"; };
		5FFE5E942844DB6E001B2E8A /* NotesView.swift */ = {isa = PBXFileReference; lastKnownFileType = sourcecode.swift; path = NotesView.swift; sourceTree = "<group>"; };
		5FFE5E962844DBAE001B2E8A /* MainView.swift */ = {isa = PBXFileReference; lastKnownFileType = sourcecode.swift; path = MainView.swift; sourceTree = "<group>"; };
		5FFE5E9B2844DEA6001B2E8A /* NotePreview.swift */ = {isa = PBXFileReference; lastKnownFileType = sourcecode.swift; path = NotePreview.swift; sourceTree = "<group>"; };
		5FFE5E9F2844EB2D001B2E8A /* NoteColor.swift */ = {isa = PBXFileReference; lastKnownFileType = sourcecode.swift; path = NoteColor.swift; sourceTree = "<group>"; };
		5FFE5EA12845070A001B2E8A /* AddNewNoteView.swift */ = {isa = PBXFileReference; lastKnownFileType = sourcecode.swift; path = AddNewNoteView.swift; sourceTree = "<group>"; };
		7946546C010E498FA518021C /* Pods_iosApp.framework */ = {isa = PBXFileReference; explicitFileType = wrapper.framework; includeInIndex = 0; path = Pods_iosApp.framework; sourceTree = BUILT_PRODUCTS_DIR; };
		F3294F70492D4CA63BD602DC /* Pods-iosApp.release.xcconfig */ = {isa = PBXFileReference; includeInIndex = 1; lastKnownFileType = text.xcconfig; name = "Pods-iosApp.release.xcconfig"; path = "Target Support Files/Pods-iosApp/Pods-iosApp.release.xcconfig"; sourceTree = "<group>"; };
/* End PBXFileReference section */

/* Begin PBXFrameworksBuildPhase section */
		5F3E7F272837BC9600AB37CF /* Frameworks */ = {
			isa = PBXFrameworksBuildPhase;
			buildActionMask = 2147483647;
			files = (
				5F5E7F75283B6DDE00E14B4D /* FirebaseAuth in Frameworks */,
				5F5E7F77283B6DDE00E14B4D /* FirebaseFirestore in Frameworks */,
				4D33A386FC1F1C4C2FCB38A7 /* Pods_iosApp.framework in Frameworks */,
				5F31CE402840B357003720DB /* FirebaseDynamicLinks in Frameworks */,
			);
			runOnlyForDeploymentPostprocessing = 0;
		};
		5F3E7F372837BC9700AB37CF /* Frameworks */ = {
			isa = PBXFrameworksBuildPhase;
			buildActionMask = 2147483647;
			files = (
			);
			runOnlyForDeploymentPostprocessing = 0;
		};
		5F3E7F412837BC9700AB37CF /* Frameworks */ = {
			isa = PBXFrameworksBuildPhase;
			buildActionMask = 2147483647;
			files = (
			);
			runOnlyForDeploymentPostprocessing = 0;
		};
/* End PBXFrameworksBuildPhase section */

/* Begin PBXGroup section */
		5F089362284740610006D02F /* CoreComponents */ = {
			isa = PBXGroup;
			children = (
				5F089363284740720006D02F /* CustomBorderedButton.swift */,
			);
			path = CoreComponents;
			sourceTree = "<group>";
		};
		5F089365284742AA0006D02F /* LocalNoteView */ = {
			isa = PBXGroup;
			children = (
				5F089366284742B80006D02F /* LocalNoteView.swift */,
			);
			path = LocalNoteView;
			sourceTree = "<group>";
		};
		5F308340284640B500712FFE /* AddNewNote */ = {
			isa = PBXGroup;
			children = (
				5FFE5EA12845070A001B2E8A /* AddNewNoteView.swift */,
				5F308341284640C900712FFE /* BallsRow.swift */,
			);
			path = AddNewNote;
			sourceTree = "<group>";
		};
		5F3E7F212837BC9600AB37CF = {
			isa = PBXGroup;
			children = (
				5F3E7F2C2837BC9600AB37CF /* iosApp */,
				5F3E7F3D2837BC9700AB37CF /* iosAppTests */,
				5F3E7F472837BC9700AB37CF /* iosAppUITests */,
				5F3E7F2B2837BC9600AB37CF /* Products */,
				EAAAC883CF2B8146984A367B /* Pods */,
				76FFF3F17D6B4262B84D2B18 /* Frameworks */,
			);
			sourceTree = "<group>";
		};
		5F3E7F2B2837BC9600AB37CF /* Products */ = {
			isa = PBXGroup;
			children = (
				5F3E7F2A2837BC9600AB37CF /* DevNotary.app */,
				5F3E7F3A2837BC9700AB37CF /* iosAppTests.xctest */,
				5F3E7F442837BC9700AB37CF /* iosAppUITests.xctest */,
			);
			name = Products;
			sourceTree = "<group>";
		};
		5F3E7F2C2837BC9600AB37CF /* iosApp */ = {
			isa = PBXGroup;
			children = (
				5FFE5E9E2844DEFA001B2E8A /* Core */,
				5FFE5E9D2844DEE4001B2E8A /* Views */,
				5F31CE3D2840AC53003720DB /* iosApp.entitlements */,
				5F31CE3C2840AB8C003720DB /* Info.plist */,
				5F31CE3A2840AABE003720DB /* GoogleService-Info.plist */,
				5F3E7F312837BC9700AB37CF /* Assets.xcassets */,
				5F3E7F332837BC9700AB37CF /* Preview Content */,
				5F726148283E0FE90062BA9A /* Extensions.swift */,
				5F72614C283E174C0062BA9A /* Constants.swift */,
				5F31CE432840EA20003720DB /* Utils.swift */,
			);
			path = iosApp;
			sourceTree = "<group>";
		};
		5F3E7F332837BC9700AB37CF /* Preview Content */ = {
			isa = PBXGroup;
			children = (
				5F3E7F342837BC9700AB37CF /* Preview Assets.xcassets */,
			);
			path = "Preview Content";
			sourceTree = "<group>";
		};
		5F3E7F3D2837BC9700AB37CF /* iosAppTests */ = {
			isa = PBXGroup;
			children = (
				5F3E7F3E2837BC9700AB37CF /* iosAppTests.swift */,
			);
			path = iosAppTests;
			sourceTree = "<group>";
		};
		5F3E7F472837BC9700AB37CF /* iosAppUITests */ = {
			isa = PBXGroup;
			children = (
				5F3E7F482837BC9700AB37CF /* iosAppUITests.swift */,
				5F3E7F4A2837BC9700AB37CF /* iosAppUITestsLaunchTests.swift */,
			);
			path = iosAppUITests;
			sourceTree = "<group>";
		};
		5FFE5E982844DE00001B2E8A /* NotesView */ = {
			isa = PBXGroup;
			children = (
				5FFE5E9B2844DEA6001B2E8A /* NotePreview.swift */,
				5FFE5E942844DB6E001B2E8A /* NotesView.swift */,
			);
			path = NotesView;
			sourceTree = "<group>";
		};
		5FFE5E9D2844DEE4001B2E8A /* Views */ = {
			isa = PBXGroup;
			children = (
				5F089365284742AA0006D02F /* LocalNoteView */,
				5F089362284740610006D02F /* CoreComponents */,
				5F308340284640B500712FFE /* AddNewNote */,
				5FFE5E962844DBAE001B2E8A /* MainView.swift */,
				5F72614A283E16AA0062BA9A /* ProfileView.swift */,
				5F0EC23B283CF73F003B6CBB /* SignInView.swift */,
				5FFE5E982844DE00001B2E8A /* NotesView */,
				5FFE5E9F2844EB2D001B2E8A /* NoteColor.swift */,
			);
			path = Views;
			sourceTree = "<group>";
		};
		5FFE5E9E2844DEFA001B2E8A /* Core */ = {
			isa = PBXGroup;
			children = (
				5F31CE412840BD2A003720DB /* SceneDelegate.swift */,
				5F5E7F7A283B6EE900E14B4D /* AppDelegate.swift */,
			);
			path = Core;
			sourceTree = "<group>";
		};
		76FFF3F17D6B4262B84D2B18 /* Frameworks */ = {
			isa = PBXGroup;
			children = (
				7946546C010E498FA518021C /* Pods_iosApp.framework */,
			);
			name = Frameworks;
			sourceTree = "<group>";
		};
		EAAAC883CF2B8146984A367B /* Pods */ = {
			isa = PBXGroup;
			children = (
				519026662C6955BA25ADE4A1 /* Pods-iosApp.debug.xcconfig */,
				F3294F70492D4CA63BD602DC /* Pods-iosApp.release.xcconfig */,
			);
			path = Pods;
			sourceTree = "<group>";
		};
/* End PBXGroup section */

/* Begin PBXNativeTarget section */
		5F3E7F292837BC9600AB37CF /* iosApp */ = {
			isa = PBXNativeTarget;
			buildConfigurationList = 5F3E7F4E2837BC9700AB37CF /* Build configuration list for PBXNativeTarget "iosApp" */;
			buildPhases = (
				5B04F82C1AA54F3A095685C5 /* [CP] Check Pods Manifest.lock */,
				5F3E7F572837BDDE00AB37CF /* ShellScript */,
				5F3E7F262837BC9600AB37CF /* Sources */,
				5F3E7F272837BC9600AB37CF /* Frameworks */,
				5F3E7F282837BC9600AB37CF /* Resources */,
			);
			buildRules = (
			);
			dependencies = (
			);
			name = iosApp;
			packageProductDependencies = (
				5F5E7F74283B6DDE00E14B4D /* FirebaseAuth */,
				5F5E7F76283B6DDE00E14B4D /* FirebaseFirestore */,
				5F31CE3F2840B357003720DB /* FirebaseDynamicLinks */,
			);
			productName = iosApp;
			productReference = 5F3E7F2A2837BC9600AB37CF /* DevNotary.app */;
			productType = "com.apple.product-type.application";
		};
		5F3E7F392837BC9700AB37CF /* iosAppTests */ = {
			isa = PBXNativeTarget;
			buildConfigurationList = 5F3E7F512837BC9700AB37CF /* Build configuration list for PBXNativeTarget "iosAppTests" */;
			buildPhases = (
				5F3E7F362837BC9700AB37CF /* Sources */,
				5F3E7F372837BC9700AB37CF /* Frameworks */,
				5F3E7F382837BC9700AB37CF /* Resources */,
			);
			buildRules = (
			);
			dependencies = (
				5F3E7F3C2837BC9700AB37CF /* PBXTargetDependency */,
			);
			name = iosAppTests;
			productName = iosAppTests;
			productReference = 5F3E7F3A2837BC9700AB37CF /* iosAppTests.xctest */;
			productType = "com.apple.product-type.bundle.unit-test";
		};
		5F3E7F432837BC9700AB37CF /* iosAppUITests */ = {
			isa = PBXNativeTarget;
			buildConfigurationList = 5F3E7F542837BC9700AB37CF /* Build configuration list for PBXNativeTarget "iosAppUITests" */;
			buildPhases = (
				5F3E7F402837BC9700AB37CF /* Sources */,
				5F3E7F412837BC9700AB37CF /* Frameworks */,
				5F3E7F422837BC9700AB37CF /* Resources */,
			);
			buildRules = (
			);
			dependencies = (
				5F3E7F462837BC9700AB37CF /* PBXTargetDependency */,
			);
			name = iosAppUITests;
			productName = iosAppUITests;
			productReference = 5F3E7F442837BC9700AB37CF /* iosAppUITests.xctest */;
			productType = "com.apple.product-type.bundle.ui-testing";
		};
/* End PBXNativeTarget section */

/* Begin PBXProject section */
		5F3E7F222837BC9600AB37CF /* Project object */ = {
			isa = PBXProject;
			attributes = {
				BuildIndependentTargetsInParallel = 1;
				LastSwiftUpdateCheck = 1330;
				LastUpgradeCheck = 1330;
				TargetAttributes = {
					5F3E7F292837BC9600AB37CF = {
						CreatedOnToolsVersion = 13.3;
					};
					5F3E7F392837BC9700AB37CF = {
						CreatedOnToolsVersion = 13.3;
						TestTargetID = 5F3E7F292837BC9600AB37CF;
					};
					5F3E7F432837BC9700AB37CF = {
						CreatedOnToolsVersion = 13.3;
						TestTargetID = 5F3E7F292837BC9600AB37CF;
					};
				};
			};
			buildConfigurationList = 5F3E7F252837BC9600AB37CF /* Build configuration list for PBXProject "iosApp" */;
			compatibilityVersion = "Xcode 13.0";
			developmentRegion = en;
			hasScannedForEncodings = 0;
			knownRegions = (
				en,
				Base,
			);
			mainGroup = 5F3E7F212837BC9600AB37CF;
			packageReferences = (
				5F5E7F73283B6DDD00E14B4D /* XCRemoteSwiftPackageReference "firebase-ios-sdk" */,
				5F31CE3E2840B357003720DB /* XCRemoteSwiftPackageReference "firebase-ios-sdk" */,
			);
			productRefGroup = 5F3E7F2B2837BC9600AB37CF /* Products */;
			projectDirPath = "";
			projectRoot = "";
			targets = (
				5F3E7F292837BC9600AB37CF /* iosApp */,
				5F3E7F392837BC9700AB37CF /* iosAppTests */,
				5F3E7F432837BC9700AB37CF /* iosAppUITests */,
			);
		};
/* End PBXProject section */

/* Begin PBXResourcesBuildPhase section */
		5F3E7F282837BC9600AB37CF /* Resources */ = {
			isa = PBXResourcesBuildPhase;
			buildActionMask = 2147483647;
			files = (
				5F3E7F352837BC9700AB37CF /* Preview Assets.xcassets in Resources */,
				5F3E7F322837BC9700AB37CF /* Assets.xcassets in Resources */,
				5F31CE3B2840AABE003720DB /* GoogleService-Info.plist in Resources */,
			);
			runOnlyForDeploymentPostprocessing = 0;
		};
		5F3E7F382837BC9700AB37CF /* Resources */ = {
			isa = PBXResourcesBuildPhase;
			buildActionMask = 2147483647;
			files = (
			);
			runOnlyForDeploymentPostprocessing = 0;
		};
		5F3E7F422837BC9700AB37CF /* Resources */ = {
			isa = PBXResourcesBuildPhase;
			buildActionMask = 2147483647;
			files = (
			);
			runOnlyForDeploymentPostprocessing = 0;
		};
/* End PBXResourcesBuildPhase section */

/* Begin PBXShellScriptBuildPhase section */
		5B04F82C1AA54F3A095685C5 /* [CP] Check Pods Manifest.lock */ = {
			isa = PBXShellScriptBuildPhase;
			buildActionMask = 2147483647;
			files = (
			);
			inputFileListPaths = (
			);
			inputPaths = (
				"${PODS_PODFILE_DIR_PATH}/Podfile.lock",
				"${PODS_ROOT}/Manifest.lock",
			);
			name = "[CP] Check Pods Manifest.lock";
			outputFileListPaths = (
			);
			outputPaths = (
				"$(DERIVED_FILE_DIR)/Pods-iosApp-checkManifestLockResult.txt",
			);
			runOnlyForDeploymentPostprocessing = 0;
			shellPath = /bin/sh;
			shellScript = "diff \"${PODS_PODFILE_DIR_PATH}/Podfile.lock\" \"${PODS_ROOT}/Manifest.lock\" > /dev/null\nif [ $? != 0 ] ; then\n    # print error to STDERR\n    echo \"error: The sandbox is not in sync with the Podfile.lock. Run 'pod install' or update your CocoaPods installation.\" >&2\n    exit 1\nfi\n# This output is used by Xcode 'outputs' to avoid re-running this script phase.\necho \"SUCCESS\" > \"${SCRIPT_OUTPUT_FILE_0}\"\n";
			showEnvVarsInLog = 0;
		};
		5F3E7F572837BDDE00AB37CF /* ShellScript */ = {
			isa = PBXShellScriptBuildPhase;
			buildActionMask = 2147483647;
			files = (
			);
			inputFileListPaths = (
			);
			inputPaths = (
			);
			outputFileListPaths = (
			);
			outputPaths = (
			);
			runOnlyForDeploymentPostprocessing = 0;
			shellPath = /bin/sh;
			shellScript = "cd \"$SRCROOT/..\"\n./gradlew :shared:embedAndSignAppleFrameworkForXcode\n";
		};
/* End PBXShellScriptBuildPhase section */

/* Begin PBXSourcesBuildPhase section */
		5F3E7F262837BC9600AB37CF /* Sources */ = {
			isa = PBXSourcesBuildPhase;
			buildActionMask = 2147483647;
			files = (
				5F726149283E0FE90062BA9A /* Extensions.swift in Sources */,
				5FFE5E9C2844DEA6001B2E8A /* NotePreview.swift in Sources */,
				5F5E7F7B283B6EE900E14B4D /* AppDelegate.swift in Sources */,
				5F0EC23C283CF73F003B6CBB /* SignInView.swift in Sources */,
				5F089367284742B80006D02F /* LocalNoteView.swift in Sources */,
				5FFE5E972844DBAE001B2E8A /* MainView.swift in Sources */,
				5F72614D283E174C0062BA9A /* Constants.swift in Sources */,
				5FFE5EA02844EB2D001B2E8A /* NoteColor.swift in Sources */,
				5F089364284740720006D02F /* CustomBorderedButton.swift in Sources */,
				5F308342284640C900712FFE /* BallsRow.swift in Sources */,
				5F72614B283E16AA0062BA9A /* ProfileView.swift in Sources */,
				5F31CE422840BD2A003720DB /* SceneDelegate.swift in Sources */,
				5F31CE442840EA20003720DB /* Utils.swift in Sources */,
				5FFE5E952844DB6E001B2E8A /* NotesView.swift in Sources */,
				5FFE5EA22845070A001B2E8A /* AddNewNoteView.swift in Sources */,
			);
			runOnlyForDeploymentPostprocessing = 0;
		};
		5F3E7F362837BC9700AB37CF /* Sources */ = {
			isa = PBXSourcesBuildPhase;
			buildActionMask = 2147483647;
			files = (
				5F3E7F3F2837BC9700AB37CF /* iosAppTests.swift in Sources */,
			);
			runOnlyForDeploymentPostprocessing = 0;
		};
		5F3E7F402837BC9700AB37CF /* Sources */ = {
			isa = PBXSourcesBuildPhase;
			buildActionMask = 2147483647;
			files = (
				5F3E7F4B2837BC9700AB37CF /* iosAppUITestsLaunchTests.swift in Sources */,
				5F3E7F492837BC9700AB37CF /* iosAppUITests.swift in Sources */,
			);
			runOnlyForDeploymentPostprocessing = 0;
		};
/* End PBXSourcesBuildPhase section */

/* Begin PBXTargetDependency section */
		5F3E7F3C2837BC9700AB37CF /* PBXTargetDependency */ = {
			isa = PBXTargetDependency;
			target = 5F3E7F292837BC9600AB37CF /* iosApp */;
			targetProxy = 5F3E7F3B2837BC9700AB37CF /* PBXContainerItemProxy */;
		};
		5F3E7F462837BC9700AB37CF /* PBXTargetDependency */ = {
			isa = PBXTargetDependency;
			target = 5F3E7F292837BC9600AB37CF /* iosApp */;
			targetProxy = 5F3E7F452837BC9700AB37CF /* PBXContainerItemProxy */;
		};
/* End PBXTargetDependency section */

/* Begin XCBuildConfiguration section */
		5F3E7F4C2837BC9700AB37CF /* Debug */ = {
			isa = XCBuildConfiguration;
			buildSettings = {
				ALWAYS_SEARCH_USER_PATHS = NO;
				CLANG_ANALYZER_NONNULL = YES;
				CLANG_ANALYZER_NUMBER_OBJECT_CONVERSION = YES_AGGRESSIVE;
				CLANG_CXX_LANGUAGE_STANDARD = "gnu++17";
				CLANG_ENABLE_MODULES = YES;
				CLANG_ENABLE_OBJC_ARC = YES;
				CLANG_ENABLE_OBJC_WEAK = YES;
				CLANG_WARN_BLOCK_CAPTURE_AUTORELEASING = YES;
				CLANG_WARN_BOOL_CONVERSION = YES;
				CLANG_WARN_COMMA = YES;
				CLANG_WARN_CONSTANT_CONVERSION = YES;
				CLANG_WARN_DEPRECATED_OBJC_IMPLEMENTATIONS = YES;
				CLANG_WARN_DIRECT_OBJC_ISA_USAGE = YES_ERROR;
				CLANG_WARN_DOCUMENTATION_COMMENTS = YES;
				CLANG_WARN_EMPTY_BODY = YES;
				CLANG_WARN_ENUM_CONVERSION = YES;
				CLANG_WARN_INFINITE_RECURSION = YES;
				CLANG_WARN_INT_CONVERSION = YES;
				CLANG_WARN_NON_LITERAL_NULL_CONVERSION = YES;
				CLANG_WARN_OBJC_IMPLICIT_RETAIN_SELF = YES;
				CLANG_WARN_OBJC_LITERAL_CONVERSION = YES;
				CLANG_WARN_OBJC_ROOT_CLASS = YES_ERROR;
				CLANG_WARN_QUOTED_INCLUDE_IN_FRAMEWORK_HEADER = YES;
				CLANG_WARN_RANGE_LOOP_ANALYSIS = YES;
				CLANG_WARN_STRICT_PROTOTYPES = YES;
				CLANG_WARN_SUSPICIOUS_MOVE = YES;
				CLANG_WARN_UNGUARDED_AVAILABILITY = YES_AGGRESSIVE;
				CLANG_WARN_UNREACHABLE_CODE = YES;
				CLANG_WARN__DUPLICATE_METHOD_MATCH = YES;
				COPY_PHASE_STRIP = NO;
				DEBUG_INFORMATION_FORMAT = dwarf;
				ENABLE_STRICT_OBJC_MSGSEND = YES;
				ENABLE_TESTABILITY = YES;
				GCC_C_LANGUAGE_STANDARD = gnu11;
				GCC_DYNAMIC_NO_PIC = NO;
				GCC_NO_COMMON_BLOCKS = YES;
				GCC_OPTIMIZATION_LEVEL = 0;
				GCC_PREPROCESSOR_DEFINITIONS = (
					"DEBUG=1",
					"$(inherited)",
				);
				GCC_WARN_64_TO_32_BIT_CONVERSION = YES;
				GCC_WARN_ABOUT_RETURN_TYPE = YES_ERROR;
				GCC_WARN_UNDECLARED_SELECTOR = YES;
				GCC_WARN_UNINITIALIZED_AUTOS = YES_AGGRESSIVE;
				GCC_WARN_UNUSED_FUNCTION = YES;
				GCC_WARN_UNUSED_VARIABLE = YES;
				IPHONEOS_DEPLOYMENT_TARGET = 15.4;
				MTL_ENABLE_DEBUG_INFO = INCLUDE_SOURCE;
				MTL_FAST_MATH = YES;
				ONLY_ACTIVE_ARCH = YES;
				SDKROOT = iphoneos;
				SWIFT_ACTIVE_COMPILATION_CONDITIONS = DEBUG;
				SWIFT_OPTIMIZATION_LEVEL = "-Onone";
			};
			name = Debug;
		};
		5F3E7F4D2837BC9700AB37CF /* Release */ = {
			isa = XCBuildConfiguration;
			buildSettings = {
				ALWAYS_SEARCH_USER_PATHS = NO;
				CLANG_ANALYZER_NONNULL = YES;
				CLANG_ANALYZER_NUMBER_OBJECT_CONVERSION = YES_AGGRESSIVE;
				CLANG_CXX_LANGUAGE_STANDARD = "gnu++17";
				CLANG_ENABLE_MODULES = YES;
				CLANG_ENABLE_OBJC_ARC = YES;
				CLANG_ENABLE_OBJC_WEAK = YES;
				CLANG_WARN_BLOCK_CAPTURE_AUTORELEASING = YES;
				CLANG_WARN_BOOL_CONVERSION = YES;
				CLANG_WARN_COMMA = YES;
				CLANG_WARN_CONSTANT_CONVERSION = YES;
				CLANG_WARN_DEPRECATED_OBJC_IMPLEMENTATIONS = YES;
				CLANG_WARN_DIRECT_OBJC_ISA_USAGE = YES_ERROR;
				CLANG_WARN_DOCUMENTATION_COMMENTS = YES;
				CLANG_WARN_EMPTY_BODY = YES;
				CLANG_WARN_ENUM_CONVERSION = YES;
				CLANG_WARN_INFINITE_RECURSION = YES;
				CLANG_WARN_INT_CONVERSION = YES;
				CLANG_WARN_NON_LITERAL_NULL_CONVERSION = YES;
				CLANG_WARN_OBJC_IMPLICIT_RETAIN_SELF = YES;
				CLANG_WARN_OBJC_LITERAL_CONVERSION = YES;
				CLANG_WARN_OBJC_ROOT_CLASS = YES_ERROR;
				CLANG_WARN_QUOTED_INCLUDE_IN_FRAMEWORK_HEADER = YES;
				CLANG_WARN_RANGE_LOOP_ANALYSIS = YES;
				CLANG_WARN_STRICT_PROTOTYPES = YES;
				CLANG_WARN_SUSPICIOUS_MOVE = YES;
				CLANG_WARN_UNGUARDED_AVAILABILITY = YES_AGGRESSIVE;
				CLANG_WARN_UNREACHABLE_CODE = YES;
				CLANG_WARN__DUPLICATE_METHOD_MATCH = YES;
				COPY_PHASE_STRIP = NO;
				DEBUG_INFORMATION_FORMAT = "dwarf-with-dsym";
				ENABLE_NS_ASSERTIONS = NO;
				ENABLE_STRICT_OBJC_MSGSEND = YES;
				GCC_C_LANGUAGE_STANDARD = gnu11;
				GCC_NO_COMMON_BLOCKS = YES;
				GCC_WARN_64_TO_32_BIT_CONVERSION = YES;
				GCC_WARN_ABOUT_RETURN_TYPE = YES_ERROR;
				GCC_WARN_UNDECLARED_SELECTOR = YES;
				GCC_WARN_UNINITIALIZED_AUTOS = YES_AGGRESSIVE;
				GCC_WARN_UNUSED_FUNCTION = YES;
				GCC_WARN_UNUSED_VARIABLE = YES;
				IPHONEOS_DEPLOYMENT_TARGET = 15.4;
				MTL_ENABLE_DEBUG_INFO = NO;
				MTL_FAST_MATH = YES;
				SDKROOT = iphoneos;
				SWIFT_COMPILATION_MODE = wholemodule;
				SWIFT_OPTIMIZATION_LEVEL = "-O";
				VALIDATE_PRODUCT = YES;
			};
			name = Release;
		};
		5F3E7F4F2837BC9700AB37CF /* Debug */ = {
			isa = XCBuildConfiguration;
			baseConfigurationReference = 519026662C6955BA25ADE4A1 /* Pods-iosApp.debug.xcconfig */;
			buildSettings = {
				ASSETCATALOG_COMPILER_APPICON_NAME = AppIcon;
				ASSETCATALOG_COMPILER_GLOBAL_ACCENT_COLOR_NAME = AccentColor;
				CODE_SIGN_ENTITLEMENTS = iosApp/iosApp.entitlements;
				CODE_SIGN_IDENTITY = "Apple Development";
				CODE_SIGN_STYLE = Automatic;
				CURRENT_PROJECT_VERSION = 1;
				DEVELOPMENT_ASSET_PATHS = "\"iosApp/Preview Content\"";
				DEVELOPMENT_TEAM = F4WY84DJNW;
				ENABLE_PREVIEWS = YES;
				FRAMEWORK_SEARCH_PATHS = "$(SRCROOT)/../shared/build/xcode-frameworks/$(CONFIGURATION)/$(SDK_NAME)";
				GENERATE_INFOPLIST_FILE = YES;
				INFOPLIST_FILE = iosApp/Info.plist;
				INFOPLIST_KEY_UIApplicationSupportsIndirectInputEvents = YES;
				INFOPLIST_KEY_UILaunchScreen_Generation = YES;
				INFOPLIST_KEY_UISupportedInterfaceOrientations_iPad = "UIInterfaceOrientationPortrait UIInterfaceOrientationPortraitUpsideDown UIInterfaceOrientationLandscapeLeft UIInterfaceOrientationLandscapeRight";
				INFOPLIST_KEY_UISupportedInterfaceOrientations_iPhone = "UIInterfaceOrientationPortrait UIInterfaceOrientationLandscapeLeft UIInterfaceOrientationLandscapeRight";
				LD_RUNPATH_SEARCH_PATHS = (
					"$(inherited)",
					"@executable_path/Frameworks",
				);
				MARKETING_VERSION = 1.0;
				OTHER_LDFLAGS = (
					"$(inherited)",
					"-framework",
					shared,
				);
				PRODUCT_BUNDLE_IDENTIFIER = com.michal.devAcademyNotary;
				PRODUCT_NAME = DevNotary;
				PROVISIONING_PROFILE_SPECIFIER = "";
				SWIFT_EMIT_LOC_STRINGS = YES;
				SWIFT_VERSION = 5.0;
				TARGETED_DEVICE_FAMILY = 1;
			};
			name = Debug;
		};
		5F3E7F502837BC9700AB37CF /* Release */ = {
			isa = XCBuildConfiguration;
			baseConfigurationReference = F3294F70492D4CA63BD602DC /* Pods-iosApp.release.xcconfig */;
			buildSettings = {
				ASSETCATALOG_COMPILER_APPICON_NAME = AppIcon;
				ASSETCATALOG_COMPILER_GLOBAL_ACCENT_COLOR_NAME = AccentColor;
				CODE_SIGN_ENTITLEMENTS = iosApp/iosApp.entitlements;
				CODE_SIGN_IDENTITY = "Apple Development";
				CODE_SIGN_STYLE = Automatic;
				CURRENT_PROJECT_VERSION = 1;
				DEVELOPMENT_ASSET_PATHS = "\"iosApp/Preview Content\"";
				DEVELOPMENT_TEAM = F4WY84DJNW;
				ENABLE_PREVIEWS = YES;
				FRAMEWORK_SEARCH_PATHS = "$(SRCROOT)/../shared/build/xcode-frameworks/$(CONFIGURATION)/$(SDK_NAME)";
				GENERATE_INFOPLIST_FILE = YES;
				INFOPLIST_FILE = iosApp/Info.plist;
				INFOPLIST_KEY_UIApplicationSupportsIndirectInputEvents = YES;
				INFOPLIST_KEY_UILaunchScreen_Generation = YES;
				INFOPLIST_KEY_UISupportedInterfaceOrientations_iPad = "UIInterfaceOrientationPortrait UIInterfaceOrientationPortraitUpsideDown UIInterfaceOrientationLandscapeLeft UIInterfaceOrientationLandscapeRight";
				INFOPLIST_KEY_UISupportedInterfaceOrientations_iPhone = "UIInterfaceOrientationPortrait UIInterfaceOrientationLandscapeLeft UIInterfaceOrientationLandscapeRight";
				LD_RUNPATH_SEARCH_PATHS = (
					"$(inherited)",
					"@executable_path/Frameworks",
				);
				MARKETING_VERSION = 1.0;
				OTHER_LDFLAGS = (
					"$(inherited)",
					"-framework",
					shared,
				);
				PRODUCT_BUNDLE_IDENTIFIER = com.michal.devAcademyNotary;
				PRODUCT_NAME = DevNotary;
				PROVISIONING_PROFILE_SPECIFIER = "";
				SWIFT_EMIT_LOC_STRINGS = YES;
				SWIFT_VERSION = 5.0;
				TARGETED_DEVICE_FAMILY = 1;
			};
			name = Release;
		};
		5F3E7F522837BC9700AB37CF /* Debug */ = {
			isa = XCBuildConfiguration;
			buildSettings = {
				ALWAYS_EMBED_SWIFT_STANDARD_LIBRARIES = YES;
				BUNDLE_LOADER = "$(TEST_HOST)";
				CODE_SIGN_STYLE = Automatic;
				CURRENT_PROJECT_VERSION = 1;
				GENERATE_INFOPLIST_FILE = YES;
				IPHONEOS_DEPLOYMENT_TARGET = 15.4;
				MARKETING_VERSION = 1.0;
				PRODUCT_BUNDLE_IDENTIFIER = com.solita.iosAppTests;
				PRODUCT_NAME = "$(TARGET_NAME)";
				SWIFT_EMIT_LOC_STRINGS = NO;
				SWIFT_VERSION = 5.0;
				TARGETED_DEVICE_FAMILY = "1,2";
				TEST_HOST = "$(BUILT_PRODUCTS_DIR)/iosApp.app/iosApp";
			};
			name = Debug;
		};
		5F3E7F532837BC9700AB37CF /* Release */ = {
			isa = XCBuildConfiguration;
			buildSettings = {
				ALWAYS_EMBED_SWIFT_STANDARD_LIBRARIES = YES;
				BUNDLE_LOADER = "$(TEST_HOST)";
				CODE_SIGN_STYLE = Automatic;
				CURRENT_PROJECT_VERSION = 1;
				GENERATE_INFOPLIST_FILE = YES;
				IPHONEOS_DEPLOYMENT_TARGET = 15.4;
				MARKETING_VERSION = 1.0;
				PRODUCT_BUNDLE_IDENTIFIER = com.solita.iosAppTests;
				PRODUCT_NAME = "$(TARGET_NAME)";
				SWIFT_EMIT_LOC_STRINGS = NO;
				SWIFT_VERSION = 5.0;
				TARGETED_DEVICE_FAMILY = "1,2";
				TEST_HOST = "$(BUILT_PRODUCTS_DIR)/iosApp.app/iosApp";
			};
			name = Release;
		};
		5F3E7F552837BC9700AB37CF /* Debug */ = {
			isa = XCBuildConfiguration;
			buildSettings = {
				ALWAYS_EMBED_SWIFT_STANDARD_LIBRARIES = YES;
				CODE_SIGN_STYLE = Automatic;
				CURRENT_PROJECT_VERSION = 1;
				GENERATE_INFOPLIST_FILE = YES;
				MARKETING_VERSION = 1.0;
				PRODUCT_BUNDLE_IDENTIFIER = com.solita.iosAppUITests;
				PRODUCT_NAME = "$(TARGET_NAME)";
				SWIFT_EMIT_LOC_STRINGS = NO;
				SWIFT_VERSION = 5.0;
				TARGETED_DEVICE_FAMILY = "1,2";
				TEST_TARGET_NAME = iosApp;
			};
			name = Debug;
		};
		5F3E7F562837BC9700AB37CF /* Release */ = {
			isa = XCBuildConfiguration;
			buildSettings = {
				ALWAYS_EMBED_SWIFT_STANDARD_LIBRARIES = YES;
				CODE_SIGN_STYLE = Automatic;
				CURRENT_PROJECT_VERSION = 1;
				GENERATE_INFOPLIST_FILE = YES;
				MARKETING_VERSION = 1.0;
				PRODUCT_BUNDLE_IDENTIFIER = com.solita.iosAppUITests;
				PRODUCT_NAME = "$(TARGET_NAME)";
				SWIFT_EMIT_LOC_STRINGS = NO;
				SWIFT_VERSION = 5.0;
				TARGETED_DEVICE_FAMILY = "1,2";
				TEST_TARGET_NAME = iosApp;
			};
			name = Release;
		};
/* End XCBuildConfiguration section */

/* Begin XCConfigurationList section */
		5F3E7F252837BC9600AB37CF /* Build configuration list for PBXProject "iosApp" */ = {
			isa = XCConfigurationList;
			buildConfigurations = (
				5F3E7F4C2837BC9700AB37CF /* Debug */,
				5F3E7F4D2837BC9700AB37CF /* Release */,
			);
			defaultConfigurationIsVisible = 0;
			defaultConfigurationName = Release;
		};
		5F3E7F4E2837BC9700AB37CF /* Build configuration list for PBXNativeTarget "iosApp" */ = {
			isa = XCConfigurationList;
			buildConfigurations = (
				5F3E7F4F2837BC9700AB37CF /* Debug */,
				5F3E7F502837BC9700AB37CF /* Release */,
			);
			defaultConfigurationIsVisible = 0;
			defaultConfigurationName = Release;
		};
		5F3E7F512837BC9700AB37CF /* Build configuration list for PBXNativeTarget "iosAppTests" */ = {
			isa = XCConfigurationList;
			buildConfigurations = (
				5F3E7F522837BC9700AB37CF /* Debug */,
				5F3E7F532837BC9700AB37CF /* Release */,
			);
			defaultConfigurationIsVisible = 0;
			defaultConfigurationName = Release;
		};
		5F3E7F542837BC9700AB37CF /* Build configuration list for PBXNativeTarget "iosAppUITests" */ = {
			isa = XCConfigurationList;
			buildConfigurations = (
				5F3E7F552837BC9700AB37CF /* Debug */,
				5F3E7F562837BC9700AB37CF /* Release */,
			);
			defaultConfigurationIsVisible = 0;
			defaultConfigurationName = Release;
		};
/* End XCConfigurationList section */

/* Begin XCRemoteSwiftPackageReference section */
		5F31CE3E2840B357003720DB /* XCRemoteSwiftPackageReference "firebase-ios-sdk" */ = {
			isa = XCRemoteSwiftPackageReference;
			repositoryURL = "https://github.com/firebase/firebase-ios-sdk";
			requirement = {
				branch = master;
				kind = branch;
			};
		};
		5F5E7F73283B6DDD00E14B4D /* XCRemoteSwiftPackageReference "firebase-ios-sdk" */ = {
			isa = XCRemoteSwiftPackageReference;
			repositoryURL = "https://github.com/firebase/firebase-ios-sdk";
			requirement = {
				kind = upToNextMajorVersion;
				minimumVersion = 9.0.0;
			};
		};
/* End XCRemoteSwiftPackageReference section */

/* Begin XCSwiftPackageProductDependency section */
		5F31CE3F2840B357003720DB /* FirebaseDynamicLinks */ = {
			isa = XCSwiftPackageProductDependency;
			package = 5F31CE3E2840B357003720DB /* XCRemoteSwiftPackageReference "firebase-ios-sdk" */;
			productName = FirebaseDynamicLinks;
		};
		5F5E7F74283B6DDE00E14B4D /* FirebaseAuth */ = {
			isa = XCSwiftPackageProductDependency;
			package = 5F5E7F73283B6DDD00E14B4D /* XCRemoteSwiftPackageReference "firebase-ios-sdk" */;
			productName = FirebaseAuth;
		};
		5F5E7F76283B6DDE00E14B4D /* FirebaseFirestore */ = {
			isa = XCSwiftPackageProductDependency;
			package = 5F5E7F73283B6DDD00E14B4D /* XCRemoteSwiftPackageReference "firebase-ios-sdk" */;
			productName = FirebaseFirestore;
		};
/* End XCSwiftPackageProductDependency section */
	};
	rootObject = 5F3E7F222837BC9600AB37CF /* Project object */;
}
